version: 2.0
shards:
  amber_router:
    git: https://github.com/amberframework/amber-router.git
    version: 0.4.2

  athena:
    git: https://github.com/athena-framework/athena.git
    version: 0.11.0+git.commit.479b3c372e9f42fa124555d0d56f0760826736b4

  athena-config:
    git: https://github.com/athena-framework/config.git
    version: 0.1.2

  athena-dependency_injection:
    git: https://github.com/athena-framework/dependency-injection.git
    version: 0.2.1

  athena-event_dispatcher:
    git: https://github.com/athena-framework/event-dispatcher.git
    version: 0.1.1

  athena-serializer:
    git: https://github.com/athena-framework/serializer.git
    version: 0.2.1

  athena-validator:
    git: https://github.com/athena-framework/validator.git
    version: 0.1.1

  bindata:
    git: https://github.com/spider-gazelle/bindata.git
    version: 1.8.0

  db:
    git: https://github.com/crystal-lang/crystal-db.git
    version: 0.10.0

  debug:
    git: https://github.com/Sija/debug.cr.git
    version: 2.0.0

  jwt:
    git: https://github.com/crystal-community/jwt.git
    version: 1.4.2

  minion-common:
    git: https://github.com/joshsoftware/minion-common.git
    version: 0.3.0+git.commit.aedc158738c77d7111adba676cd672918acc3d5f

  msgpack:
    git: https://github.com/crystal-community/msgpack-crystal.git
    version: 0.17.1

  openssl_ext:
    git: https://github.com/stakach/openssl_ext.git
    version: 1.2.2

  pg:
    git: https://github.com/will/crystal-pg.git
    version: 0.22.1

  sodium:
    git: https://github.com/didactic-drunk/sodium.cr.git
    version: 1.2.0

  splay_tree_map:
    git: https://github.com/wyhaines/splay_tree_map.cr.git
    version: 0.1.0+git.commit.384a3bf00cdf3315b4b09cdece056ab62df81147

